{
  "name": "ocaml-ai-sdk",
  "lockfileVersion": 3,
  "requires": true,
  "packages": {
    "": {
      "name": "ocaml-ai-sdk",
      "dependencies": {
        "@ai-sdk/react": "latest",
        "ai": "latest"
      }
    },
    "node_modules/@ai-sdk/gateway": {
      "version": "4.0.40",
      "resolved": "https://registry.npmjs.org/@ai-sdk/gateway/-/gateway-4.0.40.tgz",
      "integrity": "sha512-poNySlk+zSe04M4v0wgJKt+mzY6Vk6abcQid58YZnFUBJYo6VwfsFUaW7oINoR1vYYB7Ne6eqY1doSxYKt0KDg==",
      "license": "Apache-2.0",
      "dependencies": {
        "@ai-sdk/provider": "4.0.5",
        "@ai-sdk/provider-utils": "5.0.20",
        "@vercel/oidc": "3.2.0"
      },
      "engines": {
        "node": ">=22"
      },
      "peerDependencies": {
        "zod": "^3.25.76 || ^4.1.8"
      }
    },
    "node_modules/@ai-sdk/mcp": {
      "version": "2.0.24",
      "resolved": "https://registry.npmjs.org/@ai-sdk/mcp/-/mcp-2.0.24.tgz",
      "integrity": "sha512-vAY9ubauC2kisAW9fmGM2r1BOTysGOCbqfEZVI9jXOOZSFx84F+6/0PMPHrjf2Et9pDYpzdJCxAxAWtzNJy+qw==",
      "license": "Apache-2.0",
      "dependencies": {
        "@ai-sdk/provider": "4.0.5",
        "@ai-sdk/provider-utils": "5.0.20",
        "pkce-challenge": "^5.0.1"
      },
      "engines": {
        "node": ">=22"
      },
      "peerDependencies": {
        "zod": "^3.25.76 || ^4.1.8"
      }
    },
    "node_modules/@ai-sdk/provider": {
      "version": "4.0.5",
      "resolved": "https://registry.npmjs.org/@ai-sdk/provider/-/provider-4.0.5.tgz",
      "integrity": "sha512-9WAerTaPU2jcVi8dh8x27tySEuLur1Kfg7Go74GuCmsC/2MDSvrTkrK8ZrXWjryEevKfcPPmO1enveE7eqlzoA==",
      "license": "Apache-2.0",
      "dependencies": {
        "json-schema": "^0.4.0"
      },
      "engines": {
        "node": ">=22"
      }
    },
    "node_modules/@ai-sdk/provider-utils": {
      "version": "5.0.20",
      "resolved": "https://registry.npmjs.org/@ai-sdk/provider-utils/-/provider-utils-5.0.20.tgz",
      "integrity": "sha512-9W8c2mXiGgbo9sBBT4ybEWF8znxla2CO8VTim8t5oCCLP4aDH4o6RvkHfwL/iLC6mEbO4a6LpS2FBbQHccU+ig==",
      "license": "Apache-2.0",
      "dependencies": {
        "@ai-sdk/provider": "4.0.5",
        "@standard-schema/spec": "^1.1.0",
        "@workflow/serde": "4.1.0",
        "eventsource-parser": "^3.0.8",
        "undici": "^7.28.0"
      },
      "engines": {
        "node": ">=22"
      },
      "peerDependencies": {
        "zod": "^3.25.76 || ^4.1.8"
      }
    },
    "node_modules/@ai-sdk/react": {
      "version": "4.0.54",
      "resolved": "https://registry.npmjs.org/@ai-sdk/react/-/react-4.0.54.tgz",
      "integrity": "sha512-vFDRyuNQTVPS+QstdQmcRtr1nq7J3fI46MgejK/uvm5VN255MSLVr1SIU+HFaQoxy6cRyGfDVfq4G3QgYnvOsA==",
      "license": "Apache-2.0",
      "dependencies": {
        "@ai-sdk/mcp": "2.0.24",
        "@ai-sdk/provider": "4.0.5",
        "@ai-sdk/provider-utils": "5.0.20",
        "ai": "7.0.51",
        "swr": "^2.4.1",
        "throttleit": "2.1.0"
      },
      "engines": {
        "node": ">=22"
      },
      "peerDependencies": {
        "react": "^18 || ~19.0.1 || ~19.1.2 || ^19.2.1"
      }
    },
    "node_modules/@standard-schema/spec": {
      "version": "1.1.0",
      "resolved": "https://registry.npmjs.org/@standard-schema/spec/-/spec-1.1.0.tgz",
      "integrity": "sha512-l2aFy5jALhniG5HgqrD6jXLi/rUWrKvqN/qJx6yoJsgKhblVd+iqqU4RCXavm/jPityDo5TCvKMnpjKnOriy0w==",
      "license": "MIT"
    },
    "node_modules/@vercel/oidc": {
      "version": "3.2.0",
      "resolved": "https://registry.npmjs.org/@vercel/oidc/-/oidc-3.2.0.tgz",
      "integrity": "sha512-UycprH3T6n3jH0k44NHMa7pnFHGu/N05MjojYr+Mc6I7obkoLIJujSWwin1pCvdy/eOxrI/l3uDLQsmcrOb4ug==",
      "license": "Apache-2.0",
      "engines": {
        "node": ">= 20"
      }
    },
    "node_modules/@workflow/serde": {
      "version": "4.1.0",
      "resolved": "https://registry.npmjs.org/@workflow/serde/-/serde-4.1.0.tgz",
      "integrity": "sha512-pav4F2BoirECWR7Nf1TKt+2eETcBj7jj4cBefQ8VXQCA6NPkaKeLfj/zMgi+3zYV5ZIBT4GuUiphsj0/b9hPQQ==",
      "license": "Apache-2.0"
    },
    "node_modules/ai": {
      "version": "7.0.51",
      "resolved": "https://registry.npmjs.org/ai/-/ai-7.0.51.tgz",
      "integrity": "sha512-yyxSDZmlpTZs2oepyjzHMXrPk0mJ2ITpw8TfXYiF53yo0WkQJ1qm6MbpUiYclh640D35nNJ8bq57RffSrX+Qzg==",
      "license": "Apache-2.0",
      "dependencies": {
        "@ai-sdk/gateway": "4.0.40",
        "@ai-sdk/provider": "4.0.5",
        "@ai-sdk/provider-utils": "5.0.20"
      },
      "engines": {
        "node": ">=22"
      },
      "peerDependencies": {
        "zod": "^3.25.76 || ^4.1.8"
      }
    },
    "node_modules/dequal": {
      "version": "2.0.3",
      "resolved": "https://registry.npmjs.org/dequal/-/dequal-2.0.3.tgz",
      "integrity": "sha512-0je+qPKHEMohvfRTCEo3CrPG6cAzAYgmzKyxRiYSSDkS6eGJdyVJm7WaYA5ECaAD9wLB2T4EEeymA5aFVcYXCA==",
      "license": "MIT",
      "engines": {
        "node": ">=6"
      }
    },
    "node_modules/eventsource-parser": {
      "version": "3.1.0",
      "resolved": "https://registry.npmjs.org/eventsource-parser/-/eventsource-parser-3.1.0.tgz",
      "integrity": "sha512-kJezFj9YFAMLeORyi7aCLxLbD5/qWMQnoMVlVPyHIll7lgRJCc3JVln9Vgl9nwQi0YkMnhdGTMNn7CkRRAptMg==",
      "license": "MIT",
      "engines": {
        "node": ">=18.0.0"
      }
    },
    "node_modules/json-schema": {
      "version": "0.4.0",
      "resolved": "https://registry.npmjs.org/json-schema/-/json-schema-0.4.0.tgz",
      "integrity": "sha512-es94M3nTIfsEPisRafak+HDLfHXnKBhV3vU5eqPcS3flIWqcxJWgXHXiey3YrpaNsanY5ei1VoYEbOzijuq9BA==",
      "license": "(AFL-2.1 OR BSD-3-Clause)"
    },
    "node_modules/pkce-challenge": {
      "version": "5.0.1",
      "resolved": "https://registry.npmjs.org/pkce-challenge/-/pkce-challenge-5.0.1.tgz",
      "integrity": "sha512-wQ0b/W4Fr01qtpHlqSqspcj3EhBvimsdh0KlHhH8HRZnMsEa0ea2fTULOXOS9ccQr3om+GcGRk4e+isrZWV8qQ==",
      "license": "MIT",
      "engines": {
        "node": ">=16.20.0"
      }
    },
    "node_modules/react": {
      "version": "19.2.8",
      "resolved": "https://registry.npmjs.org/react/-/react-19.2.8.tgz",
      "integrity": "sha512-PWaYA1L/q9u2u7xYQi+Y3L3Yfnie7XyLeaJICV1MGD6LprsBxcAqGjYyr0eY3p+QdsA+x/Irkt4Qif8D63+Sbw==",
      "license": "MIT",
      "peer": true,
      "engines": {
        "node": ">=0.10.0"
      }
    },
    "node_modules/swr": {
      "version": "2.5.0",
      "resolved": "https://registry.npmjs.org/swr/-/swr-2.5.0.tgz",
      "integrity": "sha512-W0GomadRJe9OfzIoRX0kZHhDSaRRfdiOUeH6uazgR05SibBhDNwfdTbhAxmFtObvkf59fFymo22mooKukosvNA==",
      "license": "MIT",
      "dependencies": {
        "dequal": "^2.0.3",
        "use-sync-external-store": "^1.6.0"
      },
      "peerDependencies": {
        "react": "^16.11.0 || ^17.0.0 || ^18.0.0 || ^19.0.0"
      }
    },
    "node_modules/throttleit": {
      "version": "2.1.0",
      "resolved": "https://registry.npmjs.org/throttleit/-/throttleit-2.1.0.tgz",
      "integrity": "sha512-nt6AMGKW1p/70DF/hGBdJB57B8Tspmbp5gfJ8ilhLnt7kkr2ye7hzD6NVG8GGErk2HWF34igrL2CXmNIkzKqKw==",
      "license": "MIT",
      "engines": {
        "node": ">=18"
      },
      "funding": {
        "url": "https://github.com/sponsors/sindresorhus"
      }
    },
    "node_modules/undici": {
      "version": "7.29.0",
      "resolved": "https://registry.npmjs.org/undici/-/undici-7.29.0.tgz",
      "integrity": "sha512-IDxfleLmmbSskfWSUATiN1nfn2rDuvnMOqb5CWR92iIfojA0Ud+ulOAAEQ57LPr9rWmsreUyf5lwyao+7GNNVw==",
      "license": "MIT",
      "engines": {
        "node": ">=20.18.1"
      }
    },
    "node_modules/use-sync-external-store": {
      "version": "1.6.0",
      "resolved": "https://registry.npmjs.org/use-sync-external-store/-/use-sync-external-store-1.6.0.tgz",
      "integrity": "sha512-Pp6GSwGP/NrPIrxVFAIkOQeyw8lFenOHijQWkUTrDvrF4ALqylP2C/KCkeS9dpUM3KvYRQhna5vt7IL95+ZQ9w==",
      "license": "MIT",
      "peerDependencies": {
        "react": "^16.8.0 || ^17.0.0 || ^18.0.0 || ^19.0.0"
      }
    },
    "node_modules/zod": {
      "version": "4.4.3",
      "resolved": "https://registry.npmjs.org/zod/-/zod-4.4.3.tgz",
      "integrity": "sha512-ytENFjIJFl2UwYglde2jchW2Hwm4GJFLDiSXWdTrJQBIN9Fcyp7n4DhxJEiWNAJMV1/BqWfW/kkg71UDcHJyTQ==",
      "license": "MIT",
      "peer": true,
      "funding": {
        "url": "https://github.com/sponsors/colinhacks"
      }
    }
  }
}
